
Microsoft Visual Studio Solution File, Format Version 12.00
# Visual Studio Version 17
VisualStudioVersion = 17.4.33403.182
MinimumVisualStudioVersion = 10.0.40219.1
Project("{FAE04EC0-301F-11D3-BF4B-00C04F79EFBC}") = "P7", "P7\P7.csproj", "{57C4DD8A-FAB9-482C-98E5-31A46312AA45}"
EndProject
Global
	GlobalSection(SolutionConfigurationPlatforms) = preSolution
		Debug|Any CPU = Debug|Any CPU
		Release|Any CPU = Release|Any CPU
	EndGlobalSection
	GlobalSection(ProjectConfigurationPlatforms) = postSolution
		{57C4DD8A-FAB9-482C-98E5-31A46312AA45}.Debug|Any CPU.ActiveCfg = Debug|Any CPU
		{57C4DD8A-FAB9-482C-98E5-31A46312AA45}.Debug|Any CPU.Build.0 = Debug|Any CPU
		{57C4DD8A-FAB9-482C-98E5-31A46312AA45}.Release|Any CPU.ActiveCfg = Release|Any CPU
		{57C4DD8A-FAB9-482C-98E5-31A46312AA45}.Release|Any CPU.Build.0 = Release|Any CPU
	EndGlobalSection
	GlobalSection(SolutionProperties) = preSolution
		HideSolutionNode = FALSE
	EndGlobalSection
	GlobalSection(ExtensibilityGlobals) = postSolution
		SolutionGuid = {DDC323EE-B97E-4080-A667-765B6969B82A}
	EndGlobalSection
EndGlobal
